
Microsoft Visual Studio Solution File, Format Version 12.00
# Visual Studio Version 17
VisualStudioVersion = 17.7.34221.43
MinimumVisualStudioVersion = 10.0.40219.1
Project("{9A19103F-16F7-4668-BE54-9A1E7A4F7556}") = "SingleResponsibility.App", "SingleResponsibility.App\SingleResponsibility.App.csproj", "{4A2A424B-BE59-4B17-A1DF-4F448C7EE32D}"
EndProject
Global
	GlobalSection(SolutionConfigurationPlatforms) = preSolution
		Debug|Any CPU = Debug|Any CPU
		Release|Any CPU = Release|Any CPU
	EndGlobalSection
	GlobalSection(ProjectConfigurationPlatforms) = postSolution
		{4A2A424B-BE59-4B17-A1DF-4F448C7EE32D}.Debug|Any CPU.ActiveCfg = Debug|Any CPU
		{4A2A424B-BE59-4B17-A1DF-4F448C7EE32D}.Debug|Any CPU.Build.0 = Debug|Any CPU
		{4A2A424B-BE59-4B17-A1DF-4F448C7EE32D}.Release|Any CPU.ActiveCfg = Release|Any CPU
		{4A2A424B-BE59-4B17-A1DF-4F448C7EE32D}.Release|Any CPU.Build.0 = Release|Any CPU
	EndGlobalSection
	GlobalSection(SolutionProperties) = preSolution
		HideSolutionNode = FALSE
	EndGlobalSection
	GlobalSection(ExtensibilityGlobals) = postSolution
		SolutionGuid = {634CCAFA-4DB7-4D20-B3E0-980AAFCFB724}
	EndGlobalSection
EndGlobal
